# Code generated by scarb DO NOT EDIT.
version = 1

[[package]]
name = "sncast_std"
version = "0.33.0"
source = "registry+https://scarbs.xyz/"
checksum = "sha256:419958f6f2e8d738e1c15321228d39ac2bb6700995b51632be872555bdc48eb5"

[[package]]
name = "stealth_liquidator"
version = "0.1.0"
dependencies = [
 "sncast_std",
]
